
Microsoft Visual Studio Solution File, Format Version 12.00
# Visual Studio Version 17
VisualStudioVersion = 17.10.35122.118
MinimumVisualStudioVersion = 10.0.40219.1
Project("{FAE04EC0-301F-11D3-BF4B-00C04F79EFBC}") = "WindowsFormsApp1", "WindowsFormsApp1\WindowsFormsApp1.csproj", "{DBA6F076-4936-465D-9A9F-423DD3D18A82}"
EndProject
Global
	GlobalSection(SolutionConfigurationPlatforms) = preSolution
		Debug|Any CPU = Debug|Any CPU
		Release|Any CPU = Release|Any CPU
	EndGlobalSection
	GlobalSection(ProjectConfigurationPlatforms) = postSolution
		{DBA6F076-4936-465D-9A9F-423DD3D18A82}.Debug|Any CPU.ActiveCfg = Debug|Any CPU
		{DBA6F076-4936-465D-9A9F-423DD3D18A82}.Debug|Any CPU.Build.0 = Debug|Any CPU
		{DBA6F076-4936-465D-9A9F-423DD3D18A82}.Release|Any CPU.ActiveCfg = Release|Any CPU
		{DBA6F076-4936-465D-9A9F-423DD3D18A82}.Release|Any CPU.Build.0 = Release|Any CPU
	EndGlobalSection
	GlobalSection(SolutionProperties) = preSolution
		HideSolutionNode = FALSE
	EndGlobalSection
	GlobalSection(ExtensibilityGlobals) = postSolution
		SolutionGuid = {A1C24002-450C-4D40-BC30-FD1FC4C24D5E}
	EndGlobalSection
EndGlobal
